
Microsoft Visual Studio Solution File, Format Version 12.00
# Visual Studio Version 16
VisualStudioVersion = 16.0.30523.141
MinimumVisualStudioVersion = 10.0.40219.1
Project("{9A19103F-16F7-4668-BE54-9A1E7A4F7556}") = "Cistern.ValueLinq", "ValueLinq\Cistern.ValueLinq.csproj", "{F6F69FE9-E0E9-480A-AB8B-C7381F823969}"
EndProject
Project("{9A19103F-16F7-4668-BE54-9A1E7A4F7556}") = "Benchmark", "Benchmark\Benchmark.csproj", "{40EED1CF-EC15-43BA-A62B-4CD1EAE766D2}"
EndProject
Global
	GlobalSection(SolutionConfigurationPlatforms) = preSolution
		Debug|Any CPU = Debug|Any CPU
		Release|Any CPU = Release|Any CPU
	EndGlobalSection
	GlobalSection(ProjectConfigurationPlatforms) = postSolution
		{F6F69FE9-E0E9-480A-AB8B-C7381F823969}.Debug|Any CPU.ActiveCfg = Debug|Any CPU
		{F6F69FE9-E0E9-480A-AB8B-C7381F823969}.Debug|Any CPU.Build.0 = Debug|Any CPU
		{F6F69FE9-E0E9-480A-AB8B-C7381F823969}.Release|Any CPU.ActiveCfg = Release|Any CPU
		{F6F69FE9-E0E9-480A-AB8B-C7381F823969}.Release|Any CPU.Build.0 = Release|Any CPU
		{40EED1CF-EC15-43BA-A62B-4CD1EAE766D2}.Debug|Any CPU.ActiveCfg = Debug|Any CPU
		{40EED1CF-EC15-43BA-A62B-4CD1EAE766D2}.Debug|Any CPU.Build.0 = Debug|Any CPU
		{40EED1CF-EC15-43BA-A62B-4CD1EAE766D2}.Release|Any CPU.ActiveCfg = Release|Any CPU
		{40EED1CF-EC15-43BA-A62B-4CD1EAE766D2}.Release|Any CPU.Build.0 = Release|Any CPU
	EndGlobalSection
	GlobalSection(SolutionProperties) = preSolution
		HideSolutionNode = FALSE
	EndGlobalSection
	GlobalSection(ExtensibilityGlobals) = postSolution
		SolutionGuid = {56B75CD9-A7D3-4542-852D-C90923A33F9C}
	EndGlobalSection
EndGlobal
